// !$*UTF8*$!
{
	archiveVersion = 1;
	classes = {
	};
	objectVersion = 46;
	objects = {

/* Begin PBXBuildFile section */
		5FE03CE41ED7487C00FFA43D /* AppDelegate.swift in Sources */ = {isa = PBXBuildFile; fileRef = 5FE03CE31ED7487C00FFA43D /* AppDelegate.swift */; };
		5FE03CE91ED7487C00FFA43D /* Main.storyboard in Resources */ = {isa = PBXBuildFile; fileRef = 5FE03CE71ED7487C00FFA43D /* Main.storyboard */; };
		5FE03CEB1ED7487C00FFA43D /* Assets.xcassets in Resources */ = {isa = PBXBuildFile; fileRef = 5FE03CEA1ED7487C00FFA43D /* Assets.xcassets */; };
		5FE03CEE1ED7487C00FFA43D /* LaunchScreen.storyboard in Resources */ = {isa = PBXBuildFile; fileRef = 5FE03CEC1ED7487C00FFA43D /* LaunchScreen.storyboard */; };
		5FE03CF71ED7492400FFA43D /* TweetTableViewController.swift in Sources */ = {isa = PBXBuildFile; fileRef = 5FE03CF61ED7492400FFA43D /* TweetTableViewController.swift */; };
		5FE03CF91ED74EAC00FFA43D /* Twitter.framework in Frameworks */ = {isa = PBXBuildFile; fileRef = 5FE03CF81ED74EAC00FFA43D /* Twitter.framework */; };
		5FE03CFA1ED74EAC00FFA43D /* Twitter.framework in Embed Frameworks */ = {isa = PBXBuildFile; fileRef = 5FE03CF81ED74EAC00FFA43D /* Twitter.framework */; settings = {ATTRIBUTES = (CodeSignOnCopy, RemoveHeadersOnCopy, ); }; };
/* End PBXBuildFile section */

/* Begin PBXCopyFilesBuildPhase section */
		5FE03CFB1ED74EAD00FFA43D /* Embed Frameworks */ = {
			isa = PBXCopyFilesBuildPhase;
			buildActionMask = 2147483647;
			dstPath = "";
			dstSubfolderSpec = 10;
			files = (
				5FE03CFA1ED74EAC00FFA43D /* Twitter.framework in Embed Frameworks */,
			);
			name = "Embed Frameworks";
			runOnlyForDeploymentPostprocessing = 0;
		};
/* End PBXCopyFilesBuildPhase section */

/* Begin PBXFileReference section */
		5FE03CE01ED7487C00FFA43D /* Smashtag.app */ = {isa = PBXFileReference; explicitFileType = wrapper.application; includeInIndex = 0; path = Smashtag.app; sourceTree = BUILT_PRODUCTS_DIR; };
		5FE03CE31ED7487C00FFA43D /* AppDelegate.swift */ = {isa = PBXFileReference; lastKnownFileType = sourcecode.swift; path = AppDelegate.swift; sourceTree = "<group>"; };
		5FE03CE81ED7487C00FFA43D /* Base */ = {isa = PBXFileReference; lastKnownFileType = file.storyboard; name = Base; path = Base.lproj/Main.storyboard; sourceTree = "<group>"; };
		5FE03CEA1ED7487C00FFA43D /* Assets.xcassets */ = {isa = PBXFileReference; lastKnownFileType = folder.assetcatalog; path = Assets.xcassets; sourceTree = "<group>"; };
		5FE03CED1ED7487C00FFA43D /* Base */ = {isa = PBXFileReference; lastKnownFileType = file.storyboard; name = Base; path = Base.lproj/LaunchScreen.storyboard; sourceTree = "<group>"; };
		5FE03CEF1ED7487C00FFA43D /* Info.plist */ = {isa = PBXFileReference; lastKnownFileType = text.plist.xml; path = Info.plist; sourceTree = "<group>"; };
		5FE03CF61ED7492400FFA43D /* TweetTableViewController.swift */ = {isa = PBXFileReference; fileEncoding = 4; lastKnownFileType = sourcecode.swift; path = TweetTableViewController.swift; sourceTree = "<group>"; };
		5FE03CF81ED74EAC00FFA43D /* Twitter.framework */ = {isa = PBXFileReference; explicitFileType = wrapper.framework; path = Twitter.framework; sourceTree = BUILT_PRODUCTS_DIR; };
/* End PBXFileReference section */

/* Begin PBXFrameworksBuildPhase section */
		5FE03CDD1ED7487C00FFA43D /* Frameworks */ = {
			isa = PBXFrameworksBuildPhase;
			buildActionMask = 2147483647;
			files = (
				5FE03CF91ED74EAC00FFA43D /* Twitter.framework in Frameworks */,
			);
			runOnlyForDeploymentPostprocessing = 0;
		};
/* End PBXFrameworksBuildPhase section */

/* Begin PBXGroup section */
		5FE03CD71ED7487C00FFA43D = {
			isa = PBXGroup;
			children = (
				5FE03CF81ED74EAC00FFA43D /* Twitter.framework */,
				5FE03CE21ED7487C00FFA43D /* Smashtag */,
				5FE03CE11ED7487C00FFA43D /* Products */,
			);
			sourceTree = "<group>";
		};
		5FE03CE11ED7487C00FFA43D /* Products */ = {
			isa = PBXGroup;
			children = (
				5FE03CE01ED7487C00FFA43D /* Smashtag.app */,
			);
			name = Products;
			sourceTree = "<group>";
		};
		5FE03CE21ED7487C00FFA43D /* Smashtag */ = {
			isa = PBXGroup;
			children = (
				5FE03CEF1ED7487C00FFA43D /* Info.plist */,
				5FE03CE71ED7487C00FFA43D /* Main.storyboard */,
				5FE03CF61ED7492400FFA43D /* TweetTableViewController.swift */,
				5FE03CF51ED7488D00FFA43D /* Supporting Files */,
			);
			path = Smashtag;
			sourceTree = "<group>";
		};
		5FE03CF51ED7488D00FFA43D /* Supporting Files */ = {
			isa = PBXGroup;
			children = (
				5FE03CE31ED7487C00FFA43D /* AppDelegate.swift */,
				5FE03CEA1ED7487C00FFA43D /* Assets.xcassets */,
				5FE03CEC1ED7487C00FFA43D /* LaunchScreen.storyboard */,
			);
			name = "Supporting Files";
			sourceTree = "<group>";
		};
/* End PBXGroup section */

/* Begin PBXNativeTarget section */
		5FE03CDF1ED7487C00FFA43D /* Smashtag */ = {
			isa = PBXNativeTarget;
			buildConfigurationList = 5FE03CF21ED7487C00FFA43D /* Build configuration list for PBXNativeTarget "Smashtag" */;
			buildPhases = (
				5FE03CDC1ED7487C00FFA43D /* Sources */,
				5FE03CDD1ED7487C00FFA43D /* Frameworks */,
				5FE03CDE1ED7487C00FFA43D /* Resources */,
				5FE03CFB1ED74EAD00FFA43D /* Embed Frameworks */,
			);
			buildRules = (
			);
			dependencies = (
			);
			name = Smashtag;
			productName = Smashtag;
			productReference = 5FE03CE01ED7487C00FFA43D /* Smashtag.app */;
			productType = "com.apple.product-type.application";
		};
/* End PBXNativeTarget section */

/* Begin PBXProject section */
		5FE03CD81ED7487C00FFA43D /* Project object */ = {
			isa = PBXProject;
			attributes = {
				LastSwiftUpdateCheck = 0830;
				LastUpgradeCheck = 0830;
				ORGANIZATIONNAME = Vitovalov;
				TargetAttributes = {
					5FE03CDF1ED7487C00FFA43D = {
						CreatedOnToolsVersion = 8.3.2;
						DevelopmentTeam = GGKX63R7SX;
						ProvisioningStyle = Automatic;
					};
				};
			};
			buildConfigurationList = 5FE03CDB1ED7487C00FFA43D /* Build configuration list for PBXProject "Smashtag" */;
			compatibilityVersion = "Xcode 3.2";
			developmentRegion = English;
			hasScannedForEncodings = 0;
			knownRegions = (
				en,
				Base,
			);
			mainGroup = 5FE03CD71ED7487C00FFA43D;
			productRefGroup = 5FE03CE11ED7487C00FFA43D /* Products */;
			projectDirPath = "";
			projectRoot = "";
			targets = (
				5FE03CDF1ED7487C00FFA43D /* Smashtag */,
			);
		};
/* End PBXProject section */

/* Begin PBXResourcesBuildPhase section */
		5FE03CDE1ED7487C00FFA43D /* Resources */ = {
			isa = PBXResourcesBuildPhase;
			buildActionMask = 2147483647;
			files = (
				5FE03CEE1ED7487C00FFA43D /* LaunchScreen.storyboard in Resources */,
				5FE03CEB1ED7487C00FFA43D /* Assets.xcassets in Resources */,
				5FE03CE91ED7487C00FFA43D /* Main.storyboard in Resources */,
			);
			runOnlyForDeploymentPostprocessing = 0;
		};
/* End PBXResourcesBuildPhase section */

/* Begin PBXSourcesBuildPhase section */
		5FE03CDC1ED7487C00FFA43D /* Sources */ = {
			isa = PBXSourcesBuildPhase;
			buildActionMask = 2147483647;
			files = (
				5FE03CE41ED7487C00FFA43D /* AppDelegate.swift in Sources */,
				5FE03CF71ED7492400FFA43D /* TweetTableViewController.swift in Sources */,
			);
			runOnlyForDeploymentPostprocessing = 0;
		};
/* End PBXSourcesBuildPhase section */

/* Begin PBXVariantGroup section */
		5FE03CE71ED7487C00FFA43D /* Main.storyboard */ = {
			isa = PBXVariantGroup;
			children = (
				5FE03CE81ED7487C00FFA43D /* Base */,
			);
			name = Main.storyboard;
			sourceTree = "<group>";
		};
		5FE03CEC1ED7487C00FFA43D /* LaunchScreen.storyboard */ = {
			isa = PBXVariantGroup;
			children = (
				5FE03CED1ED7487C00FFA43D /* Base */,
			);
			name = LaunchScreen.storyboard;
			sourceTree = "<group>";
		};
/* End PBXVariantGroup section */

/* Begin XCBuildConfiguration section */
		5FE03CF01ED7487C00FFA43D /* Debug */ = {
			isa = XCBuildConfiguration;
			buildSettings = {
				ALWAYS_SEARCH_USER_PATHS = NO;
				CLANG_ANALYZER_NONNULL = YES;
				CLANG_ANALYZER_NUMBER_OBJECT_CONVERSION = YES_AGGRESSIVE;
				CLANG_CXX_LANGUAGE_STANDARD = "gnu++0x";
				CLANG_CXX_LIBRARY = "libc++";
				CLANG_ENABLE_MODULES = YES;
				CLANG_ENABLE_OBJC_ARC = YES;
				CLANG_WARN_BOOL_CONVERSION = YES;
				CLANG_WARN_CONSTANT_CONVERSION = YES;
				CLANG_WARN_DIRECT_OBJC_ISA_USAGE = YES_ERROR;
				CLANG_WARN_DOCUMENTATION_COMMENTS = YES;
				CLANG_WARN_EMPTY_BODY = YES;
				CLANG_WARN_ENUM_CONVERSION = YES;
				CLANG_WARN_INFINITE_RECURSION = YES;
				CLANG_WARN_INT_CONVERSION = YES;
				CLANG_WARN_OBJC_ROOT_CLASS = YES_ERROR;
				CLANG_WARN_SUSPICIOUS_MOVE = YES;
				CLANG_WARN_UNREACHABLE_CODE = YES;
				CLANG_WARN__DUPLICATE_METHOD_MATCH = YES;
				"CODE_SIGN_IDENTITY[sdk=iphoneos*]" = "iPhone Developer";
				COPY_PHASE_STRIP = NO;
				DEBUG_INFORMATION_FORMAT = dwarf;
				ENABLE_STRICT_OBJC_MSGSEND = YES;
				ENABLE_TESTABILITY = YES;
				GCC_C_LANGUAGE_STANDARD = gnu99;
				GCC_DYNAMIC_NO_PIC = NO;
				GCC_NO_COMMON_BLOCKS = YES;
				GCC_OPTIMIZATION_LEVEL = 0;
				GCC_PREPROCESSOR_DEFINITIONS = (
					"DEBUG=1",
					"$(inherited)",
				);
				GCC_WARN_64_TO_32_BIT_CONVERSION = YES;
				GCC_WARN_ABOUT_RETURN_TYPE = YES_ERROR;
				GCC_WARN_UNDECLARED_SELECTOR = YES;
				GCC_WARN_UNINITIALIZED_AUTOS = YES_AGGRESSIVE;
				GCC_WARN_UNUSED_FUNCTION = YES;
				GCC_WARN_UNUSED_VARIABLE = YES;
				IPHONEOS_DEPLOYMENT_TARGET = 10.3;
				MTL_ENABLE_DEBUG_INFO = YES;
				ONLY_ACTIVE_ARCH = YES;
				SDKROOT = iphoneos;
				SWIFT_ACTIVE_COMPILATION_CONDITIONS = DEBUG;
				SWIFT_OPTIMIZATION_LEVEL = "-Onone";
			};
			name = Debug;
		};
		5FE03CF11ED7487C00FFA43D /* Release */ = {
			isa = XCBuildConfiguration;
			buildSettings = {
				ALWAYS_SEARCH_USER_PATHS = NO;
				CLANG_ANALYZER_NONNULL = YES;
				CLANG_ANALYZER_NUMBER_OBJECT_CONVERSION = YES_AGGRESSIVE;
				CLANG_CXX_LANGUAGE_STANDARD = "gnu++0x";
				CLANG_CXX_LIBRARY = "libc++";
				CLANG_ENABLE_MODULES = YES;
				CLANG_ENABLE_OBJC_ARC = YES;
				CLANG_WARN_BOOL_CONVERSION = YES;
				CLANG_WARN_CONSTANT_CONVERSION = YES;
				CLANG_WARN_DIRECT_OBJC_ISA_USAGE = YES_ERROR;
				CLANG_WARN_DOCUMENTATION_COMMENTS = YES;
				CLANG_WARN_EMPTY_BODY = YES;
				CLANG_WARN_ENUM_CONVERSION = YES;
				CLANG_WARN_INFINITE_RECURSION = YES;
				CLANG_WARN_INT_CONVERSION = YES;
				CLANG_WARN_OBJC_ROOT_CLASS = YES_ERROR;
				CLANG_WARN_SUSPICIOUS_MOVE = YES;
				CLANG_WARN_UNREACHABLE_CODE = YES;
				CLANG_WARN__DUPLICATE_METHOD_MATCH = YES;
				"CODE_SIGN_IDENTITY[sdk=iphoneos*]" = "iPhone Developer";
				COPY_PHASE_STRIP = NO;
				DEBUG_INFORMATION_FORMAT = "dwarf-with-dsym";
				ENABLE_NS_ASSERTIONS = NO;
				ENABLE_STRICT_OBJC_MSGSEND = YES;
				GCC_C_LANGUAGE_STANDARD = gnu99;
				GCC_NO_COMMON_BLOCKS = YES;
				GCC_WARN_64_TO_32_BIT_CONVERSION = YES;
				GCC_WARN_ABOUT_RETURN_TYPE = YES_ERROR;
				GCC_WARN_UNDECLARED_SELECTOR = YES;
				GCC_WARN_UNINITIALIZED_AUTOS = YES_AGGRESSIVE;
				GCC_WARN_UNUSED_FUNCTION = YES;
				GCC_WARN_UNUSED_VARIABLE = YES;
				IPHONEOS_DEPLOYMENT_TARGET = 10.3;
				MTL_ENABLE_DEBUG_INFO = NO;
				SDKROOT = iphoneos;
				SWIFT_OPTIMIZATION_LEVEL = "-Owholemodule";
				VALIDATE_PRODUCT = YES;
			};
			name = Release;
		};
		5FE03CF31ED7487C00FFA43D /* Debug */ = {
			isa = XCBuildConfiguration;
			buildSettings = {
				ASSETCATALOG_COMPILER_APPICON_NAME = AppIcon;
				DEVELOPMENT_TEAM = GGKX63R7SX;
				INFOPLIST_FILE = Smashtag/Info.plist;
				LD_RUNPATH_SEARCH_PATHS = "$(inherited) @executable_path/Frameworks";
				PRODUCT_BUNDLE_IDENTIFIER = com.vitovalov.Smashtag;
				PRODUCT_NAME = "$(TARGET_NAME)";
				SWIFT_VERSION = 3.0;
			};
			name = Debug;
		};
		5FE03CF41ED7487C00FFA43D /* Release */ = {
			isa = XCBuildConfiguration;
			buildSettings = {
				ASSETCATALOG_COMPILER_APPICON_NAME = AppIcon;
				DEVELOPMENT_TEAM = GGKX63R7SX;
				INFOPLIST_FILE = Smashtag/Info.plist;
				LD_RUNPATH_SEARCH_PATHS = "$(inherited) @executable_path/Frameworks";
				PRODUCT_BUNDLE_IDENTIFIER = com.vitovalov.Smashtag;
				PRODUCT_NAME = "$(TARGET_NAME)";
				SWIFT_VERSION = 3.0;
			};
			name = Release;
		};
/* End XCBuildConfiguration section */

/* Begin XCConfigurationList section */
		5FE03CDB1ED7487C00FFA43D /* Build configuration list for PBXProject "Smashtag" */ = {
			isa = XCConfigurationList;
			buildConfigurations = (
				5FE03CF01ED7487C00FFA43D /* Debug */,
				5FE03CF11ED7487C00FFA43D /* Release */,
			);
			defaultConfigurationIsVisible = 0;
			defaultConfigurationName = Release;
		};
		5FE03CF21ED7487C00FFA43D /* Build configuration list for PBXNativeTarget "Smashtag" */ = {
			isa = XCConfigurationList;
			buildConfigurations = (
				5FE03CF31ED7487C00FFA43D /* Debug */,
				5FE03CF41ED7487C00FFA43D /* Release */,
			);
			defaultConfigurationIsVisible = 0;
			defaultConfigurationName = Release;
		};
/* End XCConfigurationList section */
	};
	rootObject = 5FE03CD81ED7487C00FFA43D /* Project object */;
}
